
Microsoft Visual Studio Solution File, Format Version 12.00
# Visual Studio Version 16
VisualStudioVersion = 16.0.31424.327
MinimumVisualStudioVersion = 10.0.40219.1
Project("{FAE04EC0-301F-11D3-BF4B-00C04F79EFBC}") = "Archiv", "Archiv.csproj", "{39A8E634-305F-4A73-A732-012A63FD13C5}"
EndProject
Global
	GlobalSection(SolutionConfigurationPlatforms) = preSolution
		Debug|Any CPU = Debug|Any CPU
		Release|Any CPU = Release|Any CPU
	EndGlobalSection
	GlobalSection(ProjectConfigurationPlatforms) = postSolution
		{39A8E634-305F-4A73-A732-012A63FD13C5}.Debug|Any CPU.ActiveCfg = Debug|Any CPU
		{39A8E634-305F-4A73-A732-012A63FD13C5}.Debug|Any CPU.Build.0 = Debug|Any CPU
		{39A8E634-305F-4A73-A732-012A63FD13C5}.Release|Any CPU.ActiveCfg = Release|Any CPU
		{39A8E634-305F-4A73-A732-012A63FD13C5}.Release|Any CPU.Build.0 = Release|Any CPU
	EndGlobalSection
	GlobalSection(SolutionProperties) = preSolution
		HideSolutionNode = FALSE
	EndGlobalSection
	GlobalSection(ExtensibilityGlobals) = postSolution
		SolutionGuid = {DF4EC677-325D-4923-9F34-22C8C32461E5}
	EndGlobalSection
EndGlobal
